
Microsoft Visual Studio Solution File, Format Version 12.00
# Visual Studio Version 16
VisualStudioVersion = 16.0.29215.179
MinimumVisualStudioVersion = 10.0.40219.1
Project("{FAE04EC0-301F-11D3-BF4B-00C04F79EFBC}") = "CSharp-Tutorial-Programs", "CSharp-Tutorial-Programs\CSharp-Tutorial-Programs.csproj", "{AC462242-086F-4E7D-A913-641B127FE6EF}"
EndProject
Global
	GlobalSection(SolutionConfigurationPlatforms) = preSolution
		Debug|Any CPU = Debug|Any CPU
		Release|Any CPU = Release|Any CPU
	EndGlobalSection
	GlobalSection(ProjectConfigurationPlatforms) = postSolution
		{AC462242-086F-4E7D-A913-641B127FE6EF}.Debug|Any CPU.ActiveCfg = Debug|Any CPU
		{AC462242-086F-4E7D-A913-641B127FE6EF}.Debug|Any CPU.Build.0 = Debug|Any CPU
		{AC462242-086F-4E7D-A913-641B127FE6EF}.Release|Any CPU.ActiveCfg = Release|Any CPU
		{AC462242-086F-4E7D-A913-641B127FE6EF}.Release|Any CPU.Build.0 = Release|Any CPU
	EndGlobalSection
	GlobalSection(SolutionProperties) = preSolution
		HideSolutionNode = FALSE
	EndGlobalSection
	GlobalSection(ExtensibilityGlobals) = postSolution
		SolutionGuid = {50D91225-FE07-4A3F-820D-2BB9C4065A6E}
	EndGlobalSection
EndGlobal
